
Microsoft Visual Studio Solution File, Format Version 12.00
# Visual Studio Version 17
VisualStudioVersion = 17.6.33801.468
MinimumVisualStudioVersion = 10.0.40219.1
Project("{FAE04EC0-301F-11D3-BF4B-00C04F79EFBC}") = "ASP_Lecture", "ASP_Lecture\ASP_Lecture.csproj", "{DDD1DF66-3F30-4665-939F-88033D908A6D}"
EndProject
Global
	GlobalSection(SolutionConfigurationPlatforms) = preSolution
		Debug|Any CPU = Debug|Any CPU
		Release|Any CPU = Release|Any CPU
	EndGlobalSection
	GlobalSection(ProjectConfigurationPlatforms) = postSolution
		{DDD1DF66-3F30-4665-939F-88033D908A6D}.Debug|Any CPU.ActiveCfg = Debug|Any CPU
		{DDD1DF66-3F30-4665-939F-88033D908A6D}.Debug|Any CPU.Build.0 = Debug|Any CPU
		{DDD1DF66-3F30-4665-939F-88033D908A6D}.Release|Any CPU.ActiveCfg = Release|Any CPU
		{DDD1DF66-3F30-4665-939F-88033D908A6D}.Release|Any CPU.Build.0 = Release|Any CPU
	EndGlobalSection
	GlobalSection(SolutionProperties) = preSolution
		HideSolutionNode = FALSE
	EndGlobalSection
	GlobalSection(ExtensibilityGlobals) = postSolution
		SolutionGuid = {0F66F9B4-6AD6-4449-B596-A9659AEC4C99}
	EndGlobalSection
EndGlobal
